
Microsoft Visual Studio Solution File, Format Version 12.00
# Visual Studio Version 17
VisualStudioVersion = 17.9.34902.65
MinimumVisualStudioVersion = 10.0.40219.1
Project("{FAE04EC0-301F-11D3-BF4B-00C04F79EFBC}") = "GuessMilionNumber", "GuessMilionNumber.csproj", "{04AC7A2A-D7F8-4DC7-A481-EF6F32FA4AAB}"
EndProject
Global
	GlobalSection(SolutionConfigurationPlatforms) = preSolution
		Debug|Any CPU = Debug|Any CPU
		Release|Any CPU = Release|Any CPU
	EndGlobalSection
	GlobalSection(ProjectConfigurationPlatforms) = postSolution
		{04AC7A2A-D7F8-4DC7-A481-EF6F32FA4AAB}.Debug|Any CPU.ActiveCfg = Debug|Any CPU
		{04AC7A2A-D7F8-4DC7-A481-EF6F32FA4AAB}.Debug|Any CPU.Build.0 = Debug|Any CPU
		{04AC7A2A-D7F8-4DC7-A481-EF6F32FA4AAB}.Release|Any CPU.ActiveCfg = Release|Any CPU
		{04AC7A2A-D7F8-4DC7-A481-EF6F32FA4AAB}.Release|Any CPU.Build.0 = Release|Any CPU
	EndGlobalSection
	GlobalSection(SolutionProperties) = preSolution
		HideSolutionNode = FALSE
	EndGlobalSection
	GlobalSection(ExtensibilityGlobals) = postSolution
		SolutionGuid = {F7CF5729-F64E-4ED6-BE0E-0ED55EC554C5}
	EndGlobalSection
EndGlobal
